
Microsoft Visual Studio Solution File, Format Version 12.00
# Visual Studio 2012
Project("{FAE04EC0-301F-11D3-BF4B-00C04F79EFBC}") = "Divorce", "Divorce\Divorce.csproj", "{CE210EA8-0546-4F9B-A6ED-911CF2DAF441}"
EndProject
Global
	GlobalSection(SolutionConfigurationPlatforms) = preSolution
		Debug|Any CPU = Debug|Any CPU
		Release|Any CPU = Release|Any CPU
	EndGlobalSection
	GlobalSection(ProjectConfigurationPlatforms) = postSolution
		{CE210EA8-0546-4F9B-A6ED-911CF2DAF441}.Debug|Any CPU.ActiveCfg = Debug|Any CPU
		{CE210EA8-0546-4F9B-A6ED-911CF2DAF441}.Debug|Any CPU.Build.0 = Debug|Any CPU
		{CE210EA8-0546-4F9B-A6ED-911CF2DAF441}.Release|Any CPU.ActiveCfg = Release|Any CPU
		{CE210EA8-0546-4F9B-A6ED-911CF2DAF441}.Release|Any CPU.Build.0 = Release|Any CPU
	EndGlobalSection
	GlobalSection(SolutionProperties) = preSolution
		HideSolutionNode = FALSE
	EndGlobalSection
EndGlobal
